
Microsoft Visual Studio Solution File, Format Version 12.00
# Visual Studio 15
VisualStudioVersion = 15.0.27004.2009
MinimumVisualStudioVersion = 10.0.40219.1
Project("{FAE04EC0-301F-11D3-BF4B-00C04F79EFBC}") = "PrototypeCoopSim", "PrototypeCoopSim\PrototypeCoopSim.csproj", "{2C6F10C0-D025-48D5-A47E-C8A7D2370348}"
EndProject
Global
	GlobalSection(SolutionConfigurationPlatforms) = preSolution
		Debug|x86 = Debug|x86
		Release|x86 = Release|x86
	EndGlobalSection
	GlobalSection(ProjectConfigurationPlatforms) = postSolution
		{2C6F10C0-D025-48D5-A47E-C8A7D2370348}.Debug|x86.ActiveCfg = Debug|x86
		{2C6F10C0-D025-48D5-A47E-C8A7D2370348}.Debug|x86.Build.0 = Debug|x86
		{2C6F10C0-D025-48D5-A47E-C8A7D2370348}.Release|x86.ActiveCfg = Release|x86
		{2C6F10C0-D025-48D5-A47E-C8A7D2370348}.Release|x86.Build.0 = Release|x86
	EndGlobalSection
	GlobalSection(SolutionProperties) = preSolution
		HideSolutionNode = FALSE
	EndGlobalSection
	GlobalSection(ExtensibilityGlobals) = postSolution
		SolutionGuid = {6E72E814-1793-4A89-BC13-CD55A3580ADC}
	EndGlobalSection
EndGlobal
